
Microsoft Visual Studio Solution File, Format Version 12.00
# Visual Studio Version 17
VisualStudioVersion = 17.11.35327.3
MinimumVisualStudioVersion = 10.0.40219.1
Project("{FAE04EC0-301F-11D3-BF4B-00C04F79EFBC}") = "application", "application.csproj", "{F2BBE435-A650-4D27-B357-74DCA6C73984}"
EndProject
Global
	GlobalSection(SolutionConfigurationPlatforms) = preSolution
		Debug|Any CPU = Debug|Any CPU
		Release|Any CPU = Release|Any CPU
	EndGlobalSection
	GlobalSection(ProjectConfigurationPlatforms) = postSolution
		{F2BBE435-A650-4D27-B357-74DCA6C73984}.Debug|Any CPU.ActiveCfg = Debug|Any CPU
		{F2BBE435-A650-4D27-B357-74DCA6C73984}.Debug|Any CPU.Build.0 = Debug|Any CPU
		{F2BBE435-A650-4D27-B357-74DCA6C73984}.Release|Any CPU.ActiveCfg = Release|Any CPU
		{F2BBE435-A650-4D27-B357-74DCA6C73984}.Release|Any CPU.Build.0 = Release|Any CPU
	EndGlobalSection
	GlobalSection(SolutionProperties) = preSolution
		HideSolutionNode = FALSE
	EndGlobalSection
	GlobalSection(ExtensibilityGlobals) = postSolution
		SolutionGuid = {4B8D151C-C45B-4EDD-93BD-AA4726EF3655}
	EndGlobalSection
EndGlobal
